
namespace ArryList
{
    internal class Program
    {
      
        static void Main(string[] args)
        {
          ArrayList islemler = new ArrayList();

            islemler.Add("ali");
            islemler.Add("Mehmet");
            islemler.Add("yusuf);
            // islemler.Remove("suat"); // SEÇTİĞİ KISMI SİLER

            //islemler.clear(); // HEPSİNİ SİLER

            //  int count = islemler.Count; // TOPLAM ELEMAN SAYISINI VERİR

            // bool kontrol = islemler.Contains("memo");// MEMO KELİMESİ VAR MI YOK MU KONTROL EDİLİR TRUE FALSE

            //int İNDEX = islemler.IndexOf("memo"); // İNDEX NO BAKILIR

          //  islemler.Insert(3, "TAHA");// index numarası ile istediğin yere isim yada sayi eklersin 

         // islemler.Reverse(); // ELEMEANLARI TERSTEN SIRALAR
        
            // islemler.Sort(); // KISA YOLDAN SORT İLE SIRALAR

            foreach(string  a in islemler)
            {
                Console.WriteLine(a);
               
            }
           // Console.WriteLine("index numarası: "+İNDEX);//ELEMANIN KAÇINCI İNDİSTE OLDUĞU GÖSTERİR.
            // Console.WriteLine( "var mı: "+kontrol ); // ELEMAN VAR MI YOK MU BAKILIR
            //    Console.WriteLine("dizinin toplam eleman sayısı : "+count);
            Console.ReadLine();


            // İNT DEN STRİNG YAPMA

          /*  int c = 10;
            string b = c.ToString(); 
          */

        }
    }
}
